// !$*UTF8*$!
{
	archiveVersion = 1;
	classes = {
	};
	objectVersion = 46;
	objects = {

/* Begin PBXBuildFile section */
		6996C2D31E7F6969005BDC76 /* main.m in Sources */ = {isa = PBXBuildFile; fileRef = 6996C2D21E7F6969005BDC76 /* main.m */; };
		6996C2D61E7F6969005BDC76 /* AppDelegate.m in Sources */ = {isa = PBXBuildFile; fileRef = 6996C2D51E7F6969005BDC76 /* AppDelegate.m */; };
		6996C2DE1E7F6969005BDC76 /* Assets.xcassets in Resources */ = {isa = PBXBuildFile; fileRef = 6996C2DD1E7F6969005BDC76 /* Assets.xcassets */; };
		6996C2E11E7F6969005BDC76 /* LaunchScreen.storyboard in Resources */ = {isa = PBXBuildFile; fileRef = 6996C2DF1E7F6969005BDC76 /* LaunchScreen.storyboard */; };
		6996C2EE1E7F7657005BDC76 /* MPMenuViewController.m in Sources */ = {isa = PBXBuildFile; fileRef = 6996C2ED1E7F7657005BDC76 /* MPMenuViewController.m */; };
		6996C2F21E7F7660005BDC76 /* UIView+Frame.m in Sources */ = {isa = PBXBuildFile; fileRef = 6996C2F11E7F7660005BDC76 /* UIView+Frame.m */; };
/* End PBXBuildFile section */

/* Begin PBXFileReference section */
		6996C2CE1E7F6969005BDC76 /* MPDragMenu.app */ = {isa = PBXFileReference; explicitFileType = wrapper.application; includeInIndex = 0; path = MPDragMenu.app; sourceTree = BUILT_PRODUCTS_DIR; };
		6996C2D21E7F6969005BDC76 /* main.m */ = {isa = PBXFileReference; lastKnownFileType = sourcecode.c.objc; path = main.m; sourceTree = "<group>"; };
		6996C2D41E7F6969005BDC76 /* AppDelegate.h */ = {isa = PBXFileReference; lastKnownFileType = sourcecode.c.h; path = AppDelegate.h; sourceTree = "<group>"; };
		6996C2D51E7F6969005BDC76 /* AppDelegate.m */ = {isa = PBXFileReference; lastKnownFileType = sourcecode.c.objc; path = AppDelegate.m; sourceTree = "<group>"; };
		6996C2DD1E7F6969005BDC76 /* Assets.xcassets */ = {isa = PBXFileReference; lastKnownFileType = folder.assetcatalog; path = Assets.xcassets; sourceTree = "<group>"; };
		6996C2E01E7F6969005BDC76 /* Base */ = {isa = PBXFileReference; lastKnownFileType = file.storyboard; name = Base; path = Base.lproj/LaunchScreen.storyboard; sourceTree = "<group>"; };
		6996C2E21E7F6969005BDC76 /* Info.plist */ = {isa = PBXFileReference; lastKnownFileType = text.plist.xml; path = Info.plist; sourceTree = "<group>"; };
		6996C2EC1E7F7657005BDC76 /* MPMenuViewController.h */ = {isa = PBXFileReference; fileEncoding = 4; lastKnownFileType = sourcecode.c.h; path = MPMenuViewController.h; sourceTree = "<group>"; };
		6996C2ED1E7F7657005BDC76 /* MPMenuViewController.m */ = {isa = PBXFileReference; fileEncoding = 4; lastKnownFileType = sourcecode.c.objc; path = MPMenuViewController.m; sourceTree = "<group>"; };
		6996C2F01E7F7660005BDC76 /* UIView+Frame.h */ = {isa = PBXFileReference; fileEncoding = 4; lastKnownFileType = sourcecode.c.h; path = "UIView+Frame.h"; sourceTree = "<group>"; };
		6996C2F11E7F7660005BDC76 /* UIView+Frame.m */ = {isa = PBXFileReference; fileEncoding = 4; lastKnownFileType = sourcecode.c.objc; path = "UIView+Frame.m"; sourceTree = "<group>"; };
		6996C2F31E7F76B9005BDC76 /* MPDragMemu-Prefix.pch */ = {isa = PBXFileReference; lastKnownFileType = sourcecode.c.h; name = "MPDragMemu-Prefix.pch"; path = "class/MPDragMemu-Prefix.pch"; sourceTree = "<group>"; };
/* End PBXFileReference section */

/* Begin PBXFrameworksBuildPhase section */
		6996C2CB1E7F6969005BDC76 /* Frameworks */ = {
			isa = PBXFrameworksBuildPhase;
			buildActionMask = 2147483647;
			files = (
			);
			runOnlyForDeploymentPostprocessing = 0;
		};
/* End PBXFrameworksBuildPhase section */

/* Begin PBXGroup section */
		6996C2C51E7F6969005BDC76 = {
			isa = PBXGroup;
			children = (
				6996C2D01E7F6969005BDC76 /* MPDragMenu */,
				6996C2CF1E7F6969005BDC76 /* Products */,
			);
			sourceTree = "<group>";
		};
		6996C2CF1E7F6969005BDC76 /* Products */ = {
			isa = PBXGroup;
			children = (
				6996C2CE1E7F6969005BDC76 /* MPDragMenu.app */,
			);
			name = Products;
			sourceTree = "<group>";
		};
		6996C2D01E7F6969005BDC76 /* MPDragMenu */ = {
			isa = PBXGroup;
			children = (
				6996C2EF1E7F7660005BDC76 /* libs */,
				6996C2EB1E7F7657005BDC76 /* class */,
				6996C2D41E7F6969005BDC76 /* AppDelegate.h */,
				6996C2D51E7F6969005BDC76 /* AppDelegate.m */,
				6996C2DD1E7F6969005BDC76 /* Assets.xcassets */,
				6996C2DF1E7F6969005BDC76 /* LaunchScreen.storyboard */,
				6996C2E21E7F6969005BDC76 /* Info.plist */,
				6996C2F31E7F76B9005BDC76 /* MPDragMemu-Prefix.pch */,
				6996C2D11E7F6969005BDC76 /* Supporting Files */,
			);
			path = MPDragMenu;
			sourceTree = "<group>";
		};
		6996C2D11E7F6969005BDC76 /* Supporting Files */ = {
			isa = PBXGroup;
			children = (
				6996C2D21E7F6969005BDC76 /* main.m */,
			);
			name = "Supporting Files";
			sourceTree = "<group>";
		};
		6996C2EB1E7F7657005BDC76 /* class */ = {
			isa = PBXGroup;
			children = (
				6996C2EC1E7F7657005BDC76 /* MPMenuViewController.h */,
				6996C2ED1E7F7657005BDC76 /* MPMenuViewController.m */,
			);
			path = class;
			sourceTree = "<group>";
		};
		6996C2EF1E7F7660005BDC76 /* libs */ = {
			isa = PBXGroup;
			children = (
				6996C2F01E7F7660005BDC76 /* UIView+Frame.h */,
				6996C2F11E7F7660005BDC76 /* UIView+Frame.m */,
			);
			path = libs;
			sourceTree = "<group>";
		};
/* End PBXGroup section */

/* Begin PBXNativeTarget section */
		6996C2CD1E7F6969005BDC76 /* MPDragMenu */ = {
			isa = PBXNativeTarget;
			buildConfigurationList = 6996C2E51E7F6969005BDC76 /* Build configuration list for PBXNativeTarget "MPDragMenu" */;
			buildPhases = (
				6996C2CA1E7F6969005BDC76 /* Sources */,
				6996C2CB1E7F6969005BDC76 /* Frameworks */,
				6996C2CC1E7F6969005BDC76 /* Resources */,
			);
			buildRules = (
			);
			dependencies = (
			);
			name = MPDragMenu;
			productName = MPDragMenu;
			productReference = 6996C2CE1E7F6969005BDC76 /* MPDragMenu.app */;
			productType = "com.apple.product-type.application";
		};
/* End PBXNativeTarget section */

/* Begin PBXProject section */
		6996C2C61E7F6969005BDC76 /* Project object */ = {
			isa = PBXProject;
			attributes = {
				CLASSPREFIX = MP;
				LastUpgradeCheck = 0820;
				ORGANIZATIONNAME = colleny;
				TargetAttributes = {
					6996C2CD1E7F6969005BDC76 = {
						CreatedOnToolsVersion = 8.2.1;
						DevelopmentTeam = 679CU7MYWL;
						ProvisioningStyle = Automatic;
					};
				};
			};
			buildConfigurationList = 6996C2C91E7F6969005BDC76 /* Build configuration list for PBXProject "MPDragMenu" */;
			compatibilityVersion = "Xcode 3.2";
			developmentRegion = English;
			hasScannedForEncodings = 0;
			knownRegions = (
				en,
				Base,
			);
			mainGroup = 6996C2C51E7F6969005BDC76;
			productRefGroup = 6996C2CF1E7F6969005BDC76 /* Products */;
			projectDirPath = "";
			projectRoot = "";
			targets = (
				6996C2CD1E7F6969005BDC76 /* MPDragMenu */,
			);
		};
/* End PBXProject section */

/* Begin PBXResourcesBuildPhase section */
		6996C2CC1E7F6969005BDC76 /* Resources */ = {
			isa = PBXResourcesBuildPhase;
			buildActionMask = 2147483647;
			files = (
				6996C2E11E7F6969005BDC76 /* LaunchScreen.storyboard in Resources */,
				6996C2DE1E7F6969005BDC76 /* Assets.xcassets in Resources */,
			);
			runOnlyForDeploymentPostprocessing = 0;
		};
/* End PBXResourcesBuildPhase section */

/* Begin PBXSourcesBuildPhase section */
		6996C2CA1E7F6969005BDC76 /* Sources */ = {
			isa = PBXSourcesBuildPhase;
			buildActionMask = 2147483647;
			files = (
				6996C2F21E7F7660005BDC76 /* UIView+Frame.m in Sources */,
				6996C2D61E7F6969005BDC76 /* AppDelegate.m in Sources */,
				6996C2EE1E7F7657005BDC76 /* MPMenuViewController.m in Sources */,
				6996C2D31E7F6969005BDC76 /* main.m in Sources */,
			);
			runOnlyForDeploymentPostprocessing = 0;
		};
/* End PBXSourcesBuildPhase section */

/* Begin PBXVariantGroup section */
		6996C2DF1E7F6969005BDC76 /* LaunchScreen.storyboard */ = {
			isa = PBXVariantGroup;
			children = (
				6996C2E01E7F6969005BDC76 /* Base */,
			);
			name = LaunchScreen.storyboard;
			sourceTree = "<group>";
		};
/* End PBXVariantGroup section */

/* Begin XCBuildConfiguration section */
		6996C2E31E7F6969005BDC76 /* Debug */ = {
			isa = XCBuildConfiguration;
			buildSettings = {
				ALWAYS_SEARCH_USER_PATHS = NO;
				CLANG_ANALYZER_NONNULL = YES;
				CLANG_CXX_LANGUAGE_STANDARD = "gnu++0x";
				CLANG_CXX_LIBRARY = "libc++";
				CLANG_ENABLE_MODULES = YES;
				CLANG_ENABLE_OBJC_ARC = YES;
				CLANG_WARN_BOOL_CONVERSION = YES;
				CLANG_WARN_CONSTANT_CONVERSION = YES;
				CLANG_WARN_DIRECT_OBJC_ISA_USAGE = YES_ERROR;
				CLANG_WARN_DOCUMENTATION_COMMENTS = YES;
				CLANG_WARN_EMPTY_BODY = YES;
				CLANG_WARN_ENUM_CONVERSION = YES;
				CLANG_WARN_INFINITE_RECURSION = YES;
				CLANG_WARN_INT_CONVERSION = YES;
				CLANG_WARN_OBJC_ROOT_CLASS = YES_ERROR;
				CLANG_WARN_SUSPICIOUS_MOVE = YES;
				CLANG_WARN_UNREACHABLE_CODE = YES;
				CLANG_WARN__DUPLICATE_METHOD_MATCH = YES;
				"CODE_SIGN_IDENTITY[sdk=iphoneos*]" = "iPhone Developer";
				COPY_PHASE_STRIP = NO;
				DEBUG_INFORMATION_FORMAT = dwarf;
				ENABLE_STRICT_OBJC_MSGSEND = YES;
				ENABLE_TESTABILITY = YES;
				GCC_C_LANGUAGE_STANDARD = gnu99;
				GCC_DYNAMIC_NO_PIC = NO;
				GCC_NO_COMMON_BLOCKS = YES;
				GCC_OPTIMIZATION_LEVEL = 0;
				GCC_PREPROCESSOR_DEFINITIONS = (
					"DEBUG=1",
					"$(inherited)",
				);
				GCC_WARN_64_TO_32_BIT_CONVERSION = YES;
				GCC_WARN_ABOUT_RETURN_TYPE = YES_ERROR;
				GCC_WARN_UNDECLARED_SELECTOR = YES;
				GCC_WARN_UNINITIALIZED_AUTOS = YES_AGGRESSIVE;
				GCC_WARN_UNUSED_FUNCTION = YES;
				GCC_WARN_UNUSED_VARIABLE = YES;
				IPHONEOS_DEPLOYMENT_TARGET = 10.2;
				MTL_ENABLE_DEBUG_INFO = YES;
				ONLY_ACTIVE_ARCH = YES;
				SDKROOT = iphoneos;
			};
			name = Debug;
		};
		6996C2E41E7F6969005BDC76 /* Release */ = {
			isa = XCBuildConfiguration;
			buildSettings = {
				ALWAYS_SEARCH_USER_PATHS = NO;
				CLANG_ANALYZER_NONNULL = YES;
				CLANG_CXX_LANGUAGE_STANDARD = "gnu++0x";
				CLANG_CXX_LIBRARY = "libc++";
				CLANG_ENABLE_MODULES = YES;
				CLANG_ENABLE_OBJC_ARC = YES;
				CLANG_WARN_BOOL_CONVERSION = YES;
				CLANG_WARN_CONSTANT_CONVERSION = YES;
				CLANG_WARN_DIRECT_OBJC_ISA_USAGE = YES_ERROR;
				CLANG_WARN_DOCUMENTATION_COMMENTS = YES;
				CLANG_WARN_EMPTY_BODY = YES;
				CLANG_WARN_ENUM_CONVERSION = YES;
				CLANG_WARN_INFINITE_RECURSION = YES;
				CLANG_WARN_INT_CONVERSION = YES;
				CLANG_WARN_OBJC_ROOT_CLASS = YES_ERROR;
				CLANG_WARN_SUSPICIOUS_MOVE = YES;
				CLANG_WARN_UNREACHABLE_CODE = YES;
				CLANG_WARN__DUPLICATE_METHOD_MATCH = YES;
				"CODE_SIGN_IDENTITY[sdk=iphoneos*]" = "iPhone Developer";
				COPY_PHASE_STRIP = NO;
				DEBUG_INFORMATION_FORMAT = "dwarf-with-dsym";
				ENABLE_NS_ASSERTIONS = NO;
				ENABLE_STRICT_OBJC_MSGSEND = YES;
				GCC_C_LANGUAGE_STANDARD = gnu99;
				GCC_NO_COMMON_BLOCKS = YES;
				GCC_WARN_64_TO_32_BIT_CONVERSION = YES;
				GCC_WARN_ABOUT_RETURN_TYPE = YES_ERROR;
				GCC_WARN_UNDECLARED_SELECTOR = YES;
				GCC_WARN_UNINITIALIZED_AUTOS = YES_AGGRESSIVE;
				GCC_WARN_UNUSED_FUNCTION = YES;
				GCC_WARN_UNUSED_VARIABLE = YES;
				IPHONEOS_DEPLOYMENT_TARGET = 10.2;
				MTL_ENABLE_DEBUG_INFO = NO;
				SDKROOT = iphoneos;
				VALIDATE_PRODUCT = YES;
			};
			name = Release;
		};
		6996C2E61E7F6969005BDC76 /* Debug */ = {
			isa = XCBuildConfiguration;
			buildSettings = {
				ASSETCATALOG_COMPILER_APPICON_NAME = AppIcon;
				DEVELOPMENT_TEAM = 679CU7MYWL;
				GCC_PRECOMPILE_PREFIX_HEADER = YES;
				GCC_PREFIX_HEADER = "MPDragMenu/class/MPDragMemu-Prefix.pch";
				INFOPLIST_FILE = MPDragMenu/Info.plist;
				LD_RUNPATH_SEARCH_PATHS = "$(inherited) @executable_path/Frameworks";
				PRODUCT_BUNDLE_IDENTIFIER = HangZhou.MPDragMenu;
				PRODUCT_NAME = "$(TARGET_NAME)";
			};
			name = Debug;
		};
		6996C2E71E7F6969005BDC76 /* Release */ = {
			isa = XCBuildConfiguration;
			buildSettings = {
				ASSETCATALOG_COMPILER_APPICON_NAME = AppIcon;
				DEVELOPMENT_TEAM = 679CU7MYWL;
				GCC_PRECOMPILE_PREFIX_HEADER = YES;
				GCC_PREFIX_HEADER = "MPDragMenu/class/MPDragMemu-Prefix.pch";
				INFOPLIST_FILE = MPDragMenu/Info.plist;
				LD_RUNPATH_SEARCH_PATHS = "$(inherited) @executable_path/Frameworks";
				PRODUCT_BUNDLE_IDENTIFIER = HangZhou.MPDragMenu;
				PRODUCT_NAME = "$(TARGET_NAME)";
			};
			name = Release;
		};
/* End XCBuildConfiguration section */

/* Begin XCConfigurationList section */
		6996C2C91E7F6969005BDC76 /* Build configuration list for PBXProject "MPDragMenu" */ = {
			isa = XCConfigurationList;
			buildConfigurations = (
				6996C2E31E7F6969005BDC76 /* Debug */,
				6996C2E41E7F6969005BDC76 /* Release */,
			);
			defaultConfigurationIsVisible = 0;
			defaultConfigurationName = Release;
		};
		6996C2E51E7F6969005BDC76 /* Build configuration list for PBXNativeTarget "MPDragMenu" */ = {
			isa = XCConfigurationList;
			buildConfigurations = (
				6996C2E61E7F6969005BDC76 /* Debug */,
				6996C2E71E7F6969005BDC76 /* Release */,
			);
			defaultConfigurationIsVisible = 0;
		};
/* End XCConfigurationList section */
	};
	rootObject = 6996C2C61E7F6969005BDC76 /* Project object */;
}
